PODS:
  - OCRToolSDK (1.0.8):
    - TensorFlowLiteObjC (~> 2.4.0)
  - TensorFlowLiteC (2.4.0):
    - TensorFlowLiteC/Core (= 2.4.0)
  - TensorFlowLiteC/Core (2.4.0)
  - TensorFlowLiteObjC (2.4.0):
    - TensorFlowLiteObjC/Core (= 2.4.0)
  - TensorFlowLiteObjC/Core (2.4.0):
    - TensorFlowLiteC (= 2.4.0)

DEPENDENCIES:
  - OCRToolSDK (from `../`)

SPEC REPOS:
  trunk:
    - TensorFlowLiteC
    - TensorFlowLiteObjC

EXTERNAL SOURCES:
  OCRToolSDK:
    :path: "../"

SPEC CHECKSUMS:
  OCRToolSDK: ace9ab56a9290851eafb2ab3274bf111833868c4
  TensorFlowLiteC: 09f8ac75a76caeadb19bcfa694e97454cc1ecf87
  TensorFlowLiteObjC: 2cf94aac7c183ec3dac786fb96420c2ce6e7b820

PODFILE CHECKSUM: dbf34cbfda2621e121745906cfaca955bdb39443

COCOAPODS: 1.10.1
